
Microsoft Visual Studio Solution File, Format Version 12.00
# Visual Studio Version 16
VisualStudioVersion = 16.0.29509.3
MinimumVisualStudioVersion = 10.0.40219.1
Project("{FAE04EC0-301F-11D3-BF4B-00C04F79EFBC}") = "PlotlyNET", "PlotlyNET.csproj", "{D33631AE-B1E6-490D-812E-C819C444C9C2}"
EndProject
Global
	GlobalSection(SolutionConfigurationPlatforms) = preSolution
		Debug|Any CPU = Debug|Any CPU
		Release|Any CPU = Release|Any CPU
	EndGlobalSection
	GlobalSection(ProjectConfigurationPlatforms) = postSolution
		{D33631AE-B1E6-490D-812E-C819C444C9C2}.Debug|Any CPU.ActiveCfg = Debug|Any CPU
		{D33631AE-B1E6-490D-812E-C819C444C9C2}.Debug|Any CPU.Build.0 = Debug|Any CPU
		{D33631AE-B1E6-490D-812E-C819C444C9C2}.Release|Any CPU.ActiveCfg = Release|Any CPU
		{D33631AE-B1E6-490D-812E-C819C444C9C2}.Release|Any CPU.Build.0 = Release|Any CPU
	EndGlobalSection
	GlobalSection(SolutionProperties) = preSolution
		HideSolutionNode = FALSE
	EndGlobalSection
	GlobalSection(ExtensibilityGlobals) = postSolution
		SolutionGuid = {722E1710-770D-4A6C-8C03-44FEDD4CD7EE}
	EndGlobalSection
EndGlobal
